# This file is automatically @generated by Cargo.
# It is not intended for manual editing.
version = 3

[[package]]
name = "aho-corasick"
version = "0.7.20"
source = "registry+https://github.com/rust-lang/crates.io-index"
checksum = "cc936419f96fa211c1b9166887b38e5e40b19958e5b895be7c1f93adec7071ac"
dependencies = [
 "memchr",
]

[[package]]
name = "ariadne"
version = "0.1.5"
source = "registry+https://github.com/rust-lang/crates.io-index"
checksum = "f1cb2a2046bea8ce5e875551f5772024882de0b540c7f93dfc5d6cf1ca8b030c"
dependencies = [
 "yansi",
]

[[package]]
name = "compiler"
version = "0.1.0"
dependencies = [
 "ariadne",
 "lalrpop-util",
]

[[package]]
name = "lalrpop-util"
version = "0.19.8"
source = "registry+https://github.com/rust-lang/crates.io-index"
checksum = "bcf796c978e9b4d983414f4caedc9273aa33ee214c5b887bd55fde84c85d2dc4"
dependencies = [
 "regex",
]

[[package]]
name = "memchr"
version = "2.5.0"
source = "registry+https://github.com/rust-lang/crates.io-index"
checksum = "2dffe52ecf27772e601905b7522cb4ef790d2cc203488bbd0e2fe85fcb74566d"

[[package]]
name = "regex"
version = "1.7.1"
source = "registry+https://github.com/rust-lang/crates.io-index"
checksum = "48aaa5748ba571fb95cd2c85c09f629215d3a6ece942baa100950af03a34f733"
dependencies = [
 "aho-corasick",
 "memchr",
 "regex-syntax",
]

[[package]]
name = "regex-syntax"
version = "0.6.28"
source = "registry+https://github.com/rust-lang/crates.io-index"
checksum = "456c603be3e8d448b072f410900c09faf164fbce2d480456f50eea6e25f9c848"

[[package]]
name = "yansi"
version = "0.5.1"
source = "registry+https://github.com/rust-lang/crates.io-index"
checksum = "09041cd90cf85f7f8b2df60c646f853b7f535ce68f85244eb6731cf89fa498ec"
